// !$*UTF8*$!
{
	archiveVersion = 1;
	classes = {
	};
	objectVersion = 55;
	objects = {

/* Begin PBXBuildFile section */
		E220CCAE28AD89BA00AE64D2 /* Constants.swift in Sources */ = {isa = PBXBuildFile; fileRef = E220CCAD28AD89BA00AE64D2 /* Constants.swift */; };
		E220CCB028AD8B5E00AE64D2 /* Vehicle.swift in Sources */ = {isa = PBXBuildFile; fileRef = E220CCAF28AD8B5E00AE64D2 /* Vehicle.swift */; };
		E220CCB228AD8DD300AE64D2 /* BuyMyRideModel.swift in Sources */ = {isa = PBXBuildFile; fileRef = E220CCB128AD8DD300AE64D2 /* BuyMyRideModel.swift */; };
		E2387DB828AC371100C84757 /* Colors.xcassets in Resources */ = {isa = PBXBuildFile; fileRef = E2387DB728AC371100C84757 /* Colors.xcassets */; };
		E2387DBB28AC381200C84757 /* ColorManager.swift in Sources */ = {isa = PBXBuildFile; fileRef = E2387DBA28AC381200C84757 /* ColorManager.swift */; };
		E239E96428A6F4E600CFE51F /* BuyMyRideApp.swift in Sources */ = {isa = PBXBuildFile; fileRef = E239E96328A6F4E600CFE51F /* BuyMyRideApp.swift */; };
		E239E96628A6F4E600CFE51F /* ContentView.swift in Sources */ = {isa = PBXBuildFile; fileRef = E239E96528A6F4E600CFE51F /* ContentView.swift */; };
		E239E96828A6F4E700CFE51F /* Assets.xcassets in Resources */ = {isa = PBXBuildFile; fileRef = E239E96728A6F4E700CFE51F /* Assets.xcassets */; };
		E239E96B28A6F4E700CFE51F /* Preview Assets.xcassets in Resources */ = {isa = PBXBuildFile; fileRef = E239E96A28A6F4E700CFE51F /* Preview Assets.xcassets */; };
		E24E399C28AEC8230083D76F /* data.json in Resources */ = {isa = PBXBuildFile; fileRef = E24E399B28AEC8230083D76F /* data.json */; };
		E24E399E28AEC8CA0083D76F /* DataService.swift in Sources */ = {isa = PBXBuildFile; fileRef = E24E399D28AEC8CA0083D76F /* DataService.swift */; };
		E24E39A028AEDF380083D76F /* CardView.swift in Sources */ = {isa = PBXBuildFile; fileRef = E24E399F28AEDF380083D76F /* CardView.swift */; };
/* End PBXBuildFile section */

/* Begin PBXFileReference section */
		E220CCAD28AD89BA00AE64D2 /* Constants.swift */ = {isa = PBXFileReference; lastKnownFileType = sourcecode.swift; path = Constants.swift; sourceTree = "<group>"; };
		E220CCAF28AD8B5E00AE64D2 /* Vehicle.swift */ = {isa = PBXFileReference; lastKnownFileType = sourcecode.swift; path = Vehicle.swift; sourceTree = "<group>"; };
		E220CCB128AD8DD300AE64D2 /* BuyMyRideModel.swift */ = {isa = PBXFileReference; lastKnownFileType = sourcecode.swift; path = BuyMyRideModel.swift; sourceTree = "<group>"; };
		E2387DB728AC371100C84757 /* Colors.xcassets */ = {isa = PBXFileReference; lastKnownFileType = folder.assetcatalog; path = Colors.xcassets; sourceTree = "<group>"; };
		E2387DBA28AC381200C84757 /* ColorManager.swift */ = {isa = PBXFileReference; lastKnownFileType = sourcecode.swift; path = ColorManager.swift; sourceTree = "<group>"; };
		E239E96028A6F4E600CFE51F /* BuyMyRide.app */ = {isa = PBXFileReference; explicitFileType = wrapper.application; includeInIndex = 0; path = BuyMyRide.app; sourceTree = BUILT_PRODUCTS_DIR; };
		E239E96328A6F4E600CFE51F /* BuyMyRideApp.swift */ = {isa = PBXFileReference; lastKnownFileType = sourcecode.swift; path = BuyMyRideApp.swift; sourceTree = "<group>"; };
		E239E96528A6F4E600CFE51F /* ContentView.swift */ = {isa = PBXFileReference; lastKnownFileType = sourcecode.swift; path = ContentView.swift; sourceTree = "<group>"; };
		E239E96728A6F4E700CFE51F /* Assets.xcassets */ = {isa = PBXFileReference; lastKnownFileType = folder.assetcatalog; path = Assets.xcassets; sourceTree = "<group>"; };
		E239E96A28A6F4E700CFE51F /* Preview Assets.xcassets */ = {isa = PBXFileReference; lastKnownFileType = folder.assetcatalog; path = "Preview Assets.xcassets"; sourceTree = "<group>"; };
		E24E399B28AEC8230083D76F /* data.json */ = {isa = PBXFileReference; fileEncoding = 4; lastKnownFileType = text.json; path = data.json; sourceTree = "<group>"; };
		E24E399D28AEC8CA0083D76F /* DataService.swift */ = {isa = PBXFileReference; lastKnownFileType = sourcecode.swift; path = DataService.swift; sourceTree = "<group>"; };
		E24E399F28AEDF380083D76F /* CardView.swift */ = {isa = PBXFileReference; lastKnownFileType = sourcecode.swift; path = CardView.swift; sourceTree = "<group>"; };
/* End PBXFileReference section */

/* Begin PBXFrameworksBuildPhase section */
		E239E95D28A6F4E600CFE51F /* Frameworks */ = {
			isa = PBXFrameworksBuildPhase;
			buildActionMask = 2147483647;
			files = (
			);
			runOnlyForDeploymentPostprocessing = 0;
		};
/* End PBXFrameworksBuildPhase section */

/* Begin PBXGroup section */
		E2387DB928AC37D900C84757 /* Resources */ = {
			isa = PBXGroup;
			children = (
				E2387DBA28AC381200C84757 /* ColorManager.swift */,
			);
			path = Resources;
			sourceTree = "<group>";
		};
		E239E95728A6F4E600CFE51F = {
			isa = PBXGroup;
			children = (
				E239E96228A6F4E600CFE51F /* BuyMyRide */,
				E239E96128A6F4E600CFE51F /* Products */,
			);
			sourceTree = "<group>";
		};
		E239E96128A6F4E600CFE51F /* Products */ = {
			isa = PBXGroup;
			children = (
				E239E96028A6F4E600CFE51F /* BuyMyRide.app */,
			);
			name = Products;
			sourceTree = "<group>";
		};
		E239E96228A6F4E600CFE51F /* BuyMyRide */ = {
			isa = PBXGroup;
			children = (
				E239E96328A6F4E600CFE51F /* BuyMyRideApp.swift */,
				E239E97528A6FDE200CFE51F /* Views */,
				E239E97428A6FDCF00CFE51F /* ViewModels */,
				E239E97328A6FDB000CFE51F /* Models */,
				E239E97228A6FD9B00CFE51F /* Services */,
				E2387DB928AC37D900C84757 /* Resources */,
				E24E399A28AEC7E30083D76F /* Data */,
				E239E97128A6FD8000CFE51F /* Helpers */,
				E2387DB728AC371100C84757 /* Colors.xcassets */,
				E239E96728A6F4E700CFE51F /* Assets.xcassets */,
				E239E96928A6F4E700CFE51F /* Preview Content */,
			);
			path = BuyMyRide;
			sourceTree = "<group>";
		};
		E239E96928A6F4E700CFE51F /* Preview Content */ = {
			isa = PBXGroup;
			children = (
				E239E96A28A6F4E700CFE51F /* Preview Assets.xcassets */,
			);
			path = "Preview Content";
			sourceTree = "<group>";
		};
		E239E97128A6FD8000CFE51F /* Helpers */ = {
			isa = PBXGroup;
			children = (
				E220CCAD28AD89BA00AE64D2 /* Constants.swift */,
			);
			path = Helpers;
			sourceTree = "<group>";
		};
		E239E97228A6FD9B00CFE51F /* Services */ = {
			isa = PBXGroup;
			children = (
				E24E399D28AEC8CA0083D76F /* DataService.swift */,
			);
			path = Services;
			sourceTree = "<group>";
		};
		E239E97328A6FDB000CFE51F /* Models */ = {
			isa = PBXGroup;
			children = (
				E220CCAF28AD8B5E00AE64D2 /* Vehicle.swift */,
			);
			path = Models;
			sourceTree = "<group>";
		};
		E239E97428A6FDCF00CFE51F /* ViewModels */ = {
			isa = PBXGroup;
			children = (
				E220CCB128AD8DD300AE64D2 /* BuyMyRideModel.swift */,
			);
			path = ViewModels;
			sourceTree = "<group>";
		};
		E239E97528A6FDE200CFE51F /* Views */ = {
			isa = PBXGroup;
			children = (
				E239E96528A6F4E600CFE51F /* ContentView.swift */,
				E24E399F28AEDF380083D76F /* CardView.swift */,
			);
			path = Views;
			sourceTree = "<group>";
		};
		E24E399A28AEC7E30083D76F /* Data */ = {
			isa = PBXGroup;
			children = (
				E24E399B28AEC8230083D76F /* data.json */,
			);
			path = Data;
			sourceTree = "<group>";
		};
/* End PBXGroup section */

/* Begin PBXNativeTarget section */
		E239E95F28A6F4E600CFE51F /* BuyMyRide */ = {
			isa = PBXNativeTarget;
			buildConfigurationList = E239E96E28A6F4E700CFE51F /* Build configuration list for PBXNativeTarget "BuyMyRide" */;
			buildPhases = (
				E239E95C28A6F4E600CFE51F /* Sources */,
				E239E95D28A6F4E600CFE51F /* Frameworks */,
				E239E95E28A6F4E600CFE51F /* Resources */,
			);
			buildRules = (
			);
			dependencies = (
			);
			name = BuyMyRide;
			productName = BuyMyRide;
			productReference = E239E96028A6F4E600CFE51F /* BuyMyRide.app */;
			productType = "com.apple.product-type.application";
		};
/* End PBXNativeTarget section */

/* Begin PBXProject section */
		E239E95828A6F4E600CFE51F /* Project object */ = {
			isa = PBXProject;
			attributes = {
				BuildIndependentTargetsInParallel = 1;
				LastSwiftUpdateCheck = 1340;
				LastUpgradeCheck = 1340;
				TargetAttributes = {
					E239E95F28A6F4E600CFE51F = {
						CreatedOnToolsVersion = 13.4.1;
					};
				};
			};
			buildConfigurationList = E239E95B28A6F4E600CFE51F /* Build configuration list for PBXProject "BuyMyRide" */;
			compatibilityVersion = "Xcode 13.0";
			developmentRegion = en;
			hasScannedForEncodings = 0;
			knownRegions = (
				en,
				Base,
			);
			mainGroup = E239E95728A6F4E600CFE51F;
			productRefGroup = E239E96128A6F4E600CFE51F /* Products */;
			projectDirPath = "";
			projectRoot = "";
			targets = (
				E239E95F28A6F4E600CFE51F /* BuyMyRide */,
			);
		};
/* End PBXProject section */

/* Begin PBXResourcesBuildPhase section */
		E239E95E28A6F4E600CFE51F /* Resources */ = {
			isa = PBXResourcesBuildPhase;
			buildActionMask = 2147483647;
			files = (
				E2387DB828AC371100C84757 /* Colors.xcassets in Resources */,
				E239E96B28A6F4E700CFE51F /* Preview Assets.xcassets in Resources */,
				E239E96828A6F4E700CFE51F /* Assets.xcassets in Resources */,
				E24E399C28AEC8230083D76F /* data.json in Resources */,
			);
			runOnlyForDeploymentPostprocessing = 0;
		};
/* End PBXResourcesBuildPhase section */

/* Begin PBXSourcesBuildPhase section */
		E239E95C28A6F4E600CFE51F /* Sources */ = {
			isa = PBXSourcesBuildPhase;
			buildActionMask = 2147483647;
			files = (
				E2387DBB28AC381200C84757 /* ColorManager.swift in Sources */,
				E24E399E28AEC8CA0083D76F /* DataService.swift in Sources */,
				E239E96628A6F4E600CFE51F /* ContentView.swift in Sources */,
				E239E96428A6F4E600CFE51F /* BuyMyRideApp.swift in Sources */,
				E220CCB028AD8B5E00AE64D2 /* Vehicle.swift in Sources */,
				E220CCB228AD8DD300AE64D2 /* BuyMyRideModel.swift in Sources */,
				E24E39A028AEDF380083D76F /* CardView.swift in Sources */,
				E220CCAE28AD89BA00AE64D2 /* Constants.swift in Sources */,
			);
			runOnlyForDeploymentPostprocessing = 0;
		};
/* End PBXSourcesBuildPhase section */

/* Begin XCBuildConfiguration section */
		E239E96C28A6F4E700CFE51F /* Debug */ = {
			isa = XCBuildConfiguration;
			buildSettings = {
				ALWAYS_SEARCH_USER_PATHS = NO;
				CLANG_ANALYZER_NONNULL = YES;
				CLANG_ANALYZER_NUMBER_OBJECT_CONVERSION = YES_AGGRESSIVE;
				CLANG_CXX_LANGUAGE_STANDARD = "gnu++17";
				CLANG_ENABLE_MODULES = YES;
				CLANG_ENABLE_OBJC_ARC = YES;
				CLANG_ENABLE_OBJC_WEAK = YES;
				CLANG_WARN_BLOCK_CAPTURE_AUTORELEASING = YES;
				CLANG_WARN_BOOL_CONVERSION = YES;
				CLANG_WARN_COMMA = YES;
				CLANG_WARN_CONSTANT_CONVERSION = YES;
				CLANG_WARN_DEPRECATED_OBJC_IMPLEMENTATIONS = YES;
				CLANG_WARN_DIRECT_OBJC_ISA_USAGE = YES_ERROR;
				CLANG_WARN_DOCUMENTATION_COMMENTS = YES;
				CLANG_WARN_EMPTY_BODY = YES;
				CLANG_WARN_ENUM_CONVERSION = YES;
				CLANG_WARN_INFINITE_RECURSION = YES;
				CLANG_WARN_INT_CONVERSION = YES;
				CLANG_WARN_NON_LITERAL_NULL_CONVERSION = YES;
				CLANG_WARN_OBJC_IMPLICIT_RETAIN_SELF = YES;
				CLANG_WARN_OBJC_LITERAL_CONVERSION = YES;
				CLANG_WARN_OBJC_ROOT_CLASS = YES_ERROR;
				CLANG_WARN_QUOTED_INCLUDE_IN_FRAMEWORK_HEADER = YES;
				CLANG_WARN_RANGE_LOOP_ANALYSIS = YES;
				CLANG_WARN_STRICT_PROTOTYPES = YES;
				CLANG_WARN_SUSPICIOUS_MOVE = YES;
				CLANG_WARN_UNGUARDED_AVAILABILITY = YES_AGGRESSIVE;
				CLANG_WARN_UNREACHABLE_CODE = YES;
				CLANG_WARN__DUPLICATE_METHOD_MATCH = YES;
				COPY_PHASE_STRIP = NO;
				DEBUG_INFORMATION_FORMAT = dwarf;
				ENABLE_STRICT_OBJC_MSGSEND = YES;
				ENABLE_TESTABILITY = YES;
				GCC_C_LANGUAGE_STANDARD = gnu11;
				GCC_DYNAMIC_NO_PIC = NO;
				GCC_NO_COMMON_BLOCKS = YES;
				GCC_OPTIMIZATION_LEVEL = 0;
				GCC_PREPROCESSOR_DEFINITIONS = (
					"DEBUG=1",
					"$(inherited)",
				);
				GCC_WARN_64_TO_32_BIT_CONVERSION = YES;
				GCC_WARN_ABOUT_RETURN_TYPE = YES_ERROR;
				GCC_WARN_UNDECLARED_SELECTOR = YES;
				GCC_WARN_UNINITIALIZED_AUTOS = YES_AGGRESSIVE;
				GCC_WARN_UNUSED_FUNCTION = YES;
				GCC_WARN_UNUSED_VARIABLE = YES;
				IPHONEOS_DEPLOYMENT_TARGET = 15.5;
				MTL_ENABLE_DEBUG_INFO = INCLUDE_SOURCE;
				MTL_FAST_MATH = YES;
				ONLY_ACTIVE_ARCH = YES;
				SDKROOT = iphoneos;
				SWIFT_ACTIVE_COMPILATION_CONDITIONS = DEBUG;
				SWIFT_OPTIMIZATION_LEVEL = "-Onone";
			};
			name = Debug;
		};
		E239E96D28A6F4E700CFE51F /* Release */ = {
			isa = XCBuildConfiguration;
			buildSettings = {
				ALWAYS_SEARCH_USER_PATHS = NO;
				CLANG_ANALYZER_NONNULL = YES;
				CLANG_ANALYZER_NUMBER_OBJECT_CONVERSION = YES_AGGRESSIVE;
				CLANG_CXX_LANGUAGE_STANDARD = "gnu++17";
				CLANG_ENABLE_MODULES = YES;
				CLANG_ENABLE_OBJC_ARC = YES;
				CLANG_ENABLE_OBJC_WEAK = YES;
				CLANG_WARN_BLOCK_CAPTURE_AUTORELEASING = YES;
				CLANG_WARN_BOOL_CONVERSION = YES;
				CLANG_WARN_COMMA = YES;
				CLANG_WARN_CONSTANT_CONVERSION = YES;
				CLANG_WARN_DEPRECATED_OBJC_IMPLEMENTATIONS = YES;
				CLANG_WARN_DIRECT_OBJC_ISA_USAGE = YES_ERROR;
				CLANG_WARN_DOCUMENTATION_COMMENTS = YES;
				CLANG_WARN_EMPTY_BODY = YES;
				CLANG_WARN_ENUM_CONVERSION = YES;
				CLANG_WARN_INFINITE_RECURSION = YES;
				CLANG_WARN_INT_CONVERSION = YES;
				CLANG_WARN_NON_LITERAL_NULL_CONVERSION = YES;
				CLANG_WARN_OBJC_IMPLICIT_RETAIN_SELF = YES;
				CLANG_WARN_OBJC_LITERAL_CONVERSION = YES;
				CLANG_WARN_OBJC_ROOT_CLASS = YES_ERROR;
				CLANG_WARN_QUOTED_INCLUDE_IN_FRAMEWORK_HEADER = YES;
				CLANG_WARN_RANGE_LOOP_ANALYSIS = YES;
				CLANG_WARN_STRICT_PROTOTYPES = YES;
				CLANG_WARN_SUSPICIOUS_MOVE = YES;
				CLANG_WARN_UNGUARDED_AVAILABILITY = YES_AGGRESSIVE;
				CLANG_WARN_UNREACHABLE_CODE = YES;
				CLANG_WARN__DUPLICATE_METHOD_MATCH = YES;
				COPY_PHASE_STRIP = NO;
				DEBUG_INFORMATION_FORMAT = "dwarf-with-dsym";
				ENABLE_NS_ASSERTIONS = NO;
				ENABLE_STRICT_OBJC_MSGSEND = YES;
				GCC_C_LANGUAGE_STANDARD = gnu11;
				GCC_NO_COMMON_BLOCKS = YES;
				GCC_WARN_64_TO_32_BIT_CONVERSION = YES;
				GCC_WARN_ABOUT_RETURN_TYPE = YES_ERROR;
				GCC_WARN_UNDECLARED_SELECTOR = YES;
				GCC_WARN_UNINITIALIZED_AUTOS = YES_AGGRESSIVE;
				GCC_WARN_UNUSED_FUNCTION = YES;
				GCC_WARN_UNUSED_VARIABLE = YES;
				IPHONEOS_DEPLOYMENT_TARGET = 15.5;
				MTL_ENABLE_DEBUG_INFO = NO;
				MTL_FAST_MATH = YES;
				SDKROOT = iphoneos;
				SWIFT_COMPILATION_MODE = wholemodule;
				SWIFT_OPTIMIZATION_LEVEL = "-O";
				VALIDATE_PRODUCT = YES;
			};
			name = Release;
		};
		E239E96F28A6F4E700CFE51F /* Debug */ = {
			isa = XCBuildConfiguration;
			buildSettings = {
				ASSETCATALOG_COMPILER_APPICON_NAME = AppIcon;
				ASSETCATALOG_COMPILER_GLOBAL_ACCENT_COLOR_NAME = AccentColor;
				CODE_SIGN_STYLE = Automatic;
				CURRENT_PROJECT_VERSION = 1;
				DEVELOPMENT_ASSET_PATHS = "\"BuyMyRide/Preview Content\"";
				DEVELOPMENT_TEAM = M2D762K529;
				ENABLE_PREVIEWS = YES;
				GENERATE_INFOPLIST_FILE = YES;
				INFOPLIST_KEY_UIApplicationSceneManifest_Generation = YES;
				INFOPLIST_KEY_UIApplicationSupportsIndirectInputEvents = YES;
				INFOPLIST_KEY_UILaunchScreen_Generation = YES;
				INFOPLIST_KEY_UISupportedInterfaceOrientations_iPad = "UIInterfaceOrientationPortrait UIInterfaceOrientationPortraitUpsideDown UIInterfaceOrientationLandscapeLeft UIInterfaceOrientationLandscapeRight";
				INFOPLIST_KEY_UISupportedInterfaceOrientations_iPhone = "UIInterfaceOrientationPortrait UIInterfaceOrientationLandscapeLeft UIInterfaceOrientationLandscapeRight";
				LD_RUNPATH_SEARCH_PATHS = (
					"$(inherited)",
					"@executable_path/Frameworks",
				);
				MARKETING_VERSION = 1.0;
				PRODUCT_BUNDLE_IDENTIFIER = com.isourcedesign.BuyMyRide;
				PRODUCT_NAME = "$(TARGET_NAME)";
				SWIFT_EMIT_LOC_STRINGS = YES;
				SWIFT_VERSION = 5.0;
				TARGETED_DEVICE_FAMILY = "1,2";
			};
			name = Debug;
		};
		E239E97028A6F4E700CFE51F /* Release */ = {
			isa = XCBuildConfiguration;
			buildSettings = {
				ASSETCATALOG_COMPILER_APPICON_NAME = AppIcon;
				ASSETCATALOG_COMPILER_GLOBAL_ACCENT_COLOR_NAME = AccentColor;
				CODE_SIGN_STYLE = Automatic;
				CURRENT_PROJECT_VERSION = 1;
				DEVELOPMENT_ASSET_PATHS = "\"BuyMyRide/Preview Content\"";
				DEVELOPMENT_TEAM = M2D762K529;
				ENABLE_PREVIEWS = YES;
				GENERATE_INFOPLIST_FILE = YES;
				INFOPLIST_KEY_UIApplicationSceneManifest_Generation = YES;
				INFOPLIST_KEY_UIApplicationSupportsIndirectInputEvents = YES;
				INFOPLIST_KEY_UILaunchScreen_Generation = YES;
				INFOPLIST_KEY_UISupportedInterfaceOrientations_iPad = "UIInterfaceOrientationPortrait UIInterfaceOrientationPortraitUpsideDown UIInterfaceOrientationLandscapeLeft UIInterfaceOrientationLandscapeRight";
				INFOPLIST_KEY_UISupportedInterfaceOrientations_iPhone = "UIInterfaceOrientationPortrait UIInterfaceOrientationLandscapeLeft UIInterfaceOrientationLandscapeRight";
				LD_RUNPATH_SEARCH_PATHS = (
					"$(inherited)",
					"@executable_path/Frameworks",
				);
				MARKETING_VERSION = 1.0;
				PRODUCT_BUNDLE_IDENTIFIER = com.isourcedesign.BuyMyRide;
				PRODUCT_NAME = "$(TARGET_NAME)";
				SWIFT_EMIT_LOC_STRINGS = YES;
				SWIFT_VERSION = 5.0;
				TARGETED_DEVICE_FAMILY = "1,2";
			};
			name = Release;
		};
/* End XCBuildConfiguration section */

/* Begin XCConfigurationList section */
		E239E95B28A6F4E600CFE51F /* Build configuration list for PBXProject "BuyMyRide" */ = {
			isa = XCConfigurationList;
			buildConfigurations = (
				E239E96C28A6F4E700CFE51F /* Debug */,
				E239E96D28A6F4E700CFE51F /* Release */,
			);
			defaultConfigurationIsVisible = 0;
			defaultConfigurationName = Release;
		};
		E239E96E28A6F4E700CFE51F /* Build configuration list for PBXNativeTarget "BuyMyRide" */ = {
			isa = XCConfigurationList;
			buildConfigurations = (
				E239E96F28A6F4E700CFE51F /* Debug */,
				E239E97028A6F4E700CFE51F /* Release */,
			);
			defaultConfigurationIsVisible = 0;
			defaultConfigurationName = Release;
		};
/* End XCConfigurationList section */
	};
	rootObject = E239E95828A6F4E600CFE51F /* Project object */;
}
